
Microsoft Visual Studio Solution File, Format Version 12.00
# Visual Studio 14
VisualStudioVersion = 14.0.25420.1
MinimumVisualStudioVersion = 10.0.40219.1
Project("{FAE04EC0-301F-11D3-BF4B-00C04F79EFBC}") = "TP", "TP\TP.csproj", "{C7AC5140-8D9B-40FD-83FB-9F3F3E1EA461}"
EndProject
Project("{FAE04EC0-301F-11D3-BF4B-00C04F79EFBC}") = "ClassLibrary2", "ClassLibrary2\ClassLibrary2.csproj", "{2ABAFDA7-8244-4FC6-8F27-94C7A08E82B8}"
EndProject
Project("{FAE04EC0-301F-11D3-BF4B-00C04F79EFBC}") = "Service", "Service\Service.csproj", "{C3695B44-9BD6-49A8-A7B0-FABF21344E5D}"
EndProject
Global
	GlobalSection(SolutionConfigurationPlatforms) = preSolution
		Debug|Any CPU = Debug|Any CPU
		Release|Any CPU = Release|Any CPU
	EndGlobalSection
	GlobalSection(ProjectConfigurationPlatforms) = postSolution
		{C7AC5140-8D9B-40FD-83FB-9F3F3E1EA461}.Debug|Any CPU.ActiveCfg = Debug|Any CPU
		{C7AC5140-8D9B-40FD-83FB-9F3F3E1EA461}.Debug|Any CPU.Build.0 = Debug|Any CPU
		{C7AC5140-8D9B-40FD-83FB-9F3F3E1EA461}.Release|Any CPU.ActiveCfg = Release|Any CPU
		{C7AC5140-8D9B-40FD-83FB-9F3F3E1EA461}.Release|Any CPU.Build.0 = Release|Any CPU
		{2ABAFDA7-8244-4FC6-8F27-94C7A08E82B8}.Debug|Any CPU.ActiveCfg = Debug|Any CPU
		{2ABAFDA7-8244-4FC6-8F27-94C7A08E82B8}.Debug|Any CPU.Build.0 = Debug|Any CPU
		{2ABAFDA7-8244-4FC6-8F27-94C7A08E82B8}.Release|Any CPU.ActiveCfg = Release|Any CPU
		{2ABAFDA7-8244-4FC6-8F27-94C7A08E82B8}.Release|Any CPU.Build.0 = Release|Any CPU
		{C3695B44-9BD6-49A8-A7B0-FABF21344E5D}.Debug|Any CPU.ActiveCfg = Debug|Any CPU
		{C3695B44-9BD6-49A8-A7B0-FABF21344E5D}.Debug|Any CPU.Build.0 = Debug|Any CPU
		{C3695B44-9BD6-49A8-A7B0-FABF21344E5D}.Release|Any CPU.ActiveCfg = Release|Any CPU
		{C3695B44-9BD6-49A8-A7B0-FABF21344E5D}.Release|Any CPU.Build.0 = Release|Any CPU
	EndGlobalSection
	GlobalSection(SolutionProperties) = preSolution
		HideSolutionNode = FALSE
	EndGlobalSection
EndGlobal
